{
  "name": "web-rpc-client",
  "version": "1.0.2",
  "lockfileVersion": 1,
  "requires": true,
  "dependencies": {
    "grpc-web": {
      "version": "1.0.6",
      "resolved": "https://registry.npm.taobao.org/grpc-web/download/grpc-web-1.0.6.tgz",
      "integrity": "sha1-ncKIa1v/XO4I5Rlg4zcCMiiQN24="
    }
  }
}
